github.com/kyokomi/emoji v2.1.0+incompatible h1:+DYU2RgpI6OHG4oQkM5KlqD3Wd3UPEsX8jamTo1Mp6o=
github.com/kyokomi/emoji v2.1.0+incompatible/go.mod h1:mZ6aGCD7yk8j6QY6KICwnZ2pxoszVseX1DNoGtU2tBA=
github.com/josh5276/go-course/practice/packaging/01-example-pkg/fibonacci v0.0.0-20191211155204-a6bbb3da9fc7 h1:GJWahYVBijFK/1S6FvhommWlaym8Y8fNubYW7s/4Bio=
github.com/josh5276/go-course/practice/packaging/01-example-pkg/fibonacci v0.0.0-20191211155204-a6bbb3da9fc7/go.mod h1:1TbjkCPR6gKlz15UO1REDQxo1kWKLriDVxlS8dpG9PI=
